
Microsoft Visual Studio Solution File, Format Version 12.00
# Visual Studio 15
Project("{FAE04EC0-301F-11D3-BF4B-00C04F79EFBC}") = "Assembly-CSharp", "Assembly-CSharp.csproj", "{F2C36226-F5E1-9006-930F-385A831C3A49}"
EndProject
Project("{FAE04EC0-301F-11D3-BF4B-00C04F79EFBC}") = "Assembly-CSharp-Editor", "Assembly-CSharp-Editor.csproj", "{0E807B47-6E5F-DF30-D8B8-00AC1C6095CA}"
EndProject
Global
	GlobalSection(SolutionConfigurationPlatforms) = preSolution
		Debug|Any CPU = Debug|Any CPU
		Release|Any CPU = Release|Any CPU
	EndGlobalSection
	GlobalSection(ProjectConfigurationPlatforms) = postSolution
		{F2C36226-F5E1-9006-930F-385A831C3A49}.Debug|Any CPU.ActiveCfg = Debug|Any CPU
		{F2C36226-F5E1-9006-930F-385A831C3A49}.Debug|Any CPU.Build.0 = Debug|Any CPU
		{F2C36226-F5E1-9006-930F-385A831C3A49}.Release|Any CPU.ActiveCfg = Release|Any CPU
		{F2C36226-F5E1-9006-930F-385A831C3A49}.Release|Any CPU.Build.0 = Release|Any CPU
		{0E807B47-6E5F-DF30-D8B8-00AC1C6095CA}.Debug|Any CPU.ActiveCfg = Debug|Any CPU
		{0E807B47-6E5F-DF30-D8B8-00AC1C6095CA}.Debug|Any CPU.Build.0 = Debug|Any CPU
		{0E807B47-6E5F-DF30-D8B8-00AC1C6095CA}.Release|Any CPU.ActiveCfg = Release|Any CPU
		{0E807B47-6E5F-DF30-D8B8-00AC1C6095CA}.Release|Any CPU.Build.0 = Release|Any CPU
	EndGlobalSection
	GlobalSection(SolutionProperties) = preSolution
		HideSolutionNode = FALSE
	EndGlobalSection
EndGlobal
